// !$*UTF8*$!
{
	archiveVersion = 1;
	classes = {
	};
	objectVersion = 51;
	objects = {

/* Begin PBXBuildFile section */
		1168470624FA9913009E2DD8 /* AppDelegate.swift in Sources */ = {isa = PBXBuildFile; fileRef = 1168470524FA9913009E2DD8 /* AppDelegate.swift */; };
		1168470824FA9913009E2DD8 /* SceneDelegate.swift in Sources */ = {isa = PBXBuildFile; fileRef = 1168470724FA9913009E2DD8 /* SceneDelegate.swift */; };
		1168470D24FA9913009E2DD8 /* Main.storyboard in Resources */ = {isa = PBXBuildFile; fileRef = 1168470B24FA9913009E2DD8 /* Main.storyboard */; };
		1168470F24FA9915009E2DD8 /* Assets.xcassets in Resources */ = {isa = PBXBuildFile; fileRef = 1168470E24FA9915009E2DD8 /* Assets.xcassets */; };
		1168471224FA9915009E2DD8 /* LaunchScreen.storyboard in Resources */ = {isa = PBXBuildFile; fileRef = 1168471024FA9915009E2DD8 /* LaunchScreen.storyboard */; };
		1171B86224FD54DF00650564 /* NewtorkManager.swift in Sources */ = {isa = PBXBuildFile; fileRef = 1171B86124FD54DF00650564 /* NewtorkManager.swift */; };
		1171B86424FD555000650564 /* PhotosCollectionViewController.swift in Sources */ = {isa = PBXBuildFile; fileRef = 1171B86324FD555000650564 /* PhotosCollectionViewController.swift */; };
		1171B86624FD555F00650564 /* PhotoCell.swift in Sources */ = {isa = PBXBuildFile; fileRef = 1171B86524FD555F00650564 /* PhotoCell.swift */; };
		1171B86824FD557100650564 /* PhotoViewController.swift in Sources */ = {isa = PBXBuildFile; fileRef = 1171B86724FD557100650564 /* PhotoViewController.swift */; };
		1171B86A24FD558100650564 /* Url.swift in Sources */ = {isa = PBXBuildFile; fileRef = 1171B86924FD558100650564 /* Url.swift */; };
		1171B86C24FD585400650564 /* ImageView.swift in Sources */ = {isa = PBXBuildFile; fileRef = 1171B86B24FD585400650564 /* ImageView.swift */; };
		1171B86E24FD5AA200650564 /* ImageManager.swift in Sources */ = {isa = PBXBuildFile; fileRef = 1171B86D24FD5AA200650564 /* ImageManager.swift */; };
		F7CC28321F1AFFCF68C9B91E /* Pods_PictureList.framework in Frameworks */ = {isa = PBXBuildFile; fileRef = 49B0254E394FC5A8A8C87076 /* Pods_PictureList.framework */; };
/* End PBXBuildFile section */

/* Begin PBXFileReference section */
		1168470224FA9913009E2DD8 /* PictureList.app */ = {isa = PBXFileReference; explicitFileType = wrapper.application; includeInIndex = 0; path = PictureList.app; sourceTree = BUILT_PRODUCTS_DIR; };
		1168470524FA9913009E2DD8 /* AppDelegate.swift */ = {isa = PBXFileReference; lastKnownFileType = sourcecode.swift; path = AppDelegate.swift; sourceTree = "<group>"; };
		1168470724FA9913009E2DD8 /* SceneDelegate.swift */ = {isa = PBXFileReference; lastKnownFileType = sourcecode.swift; path = SceneDelegate.swift; sourceTree = "<group>"; };
		1168470C24FA9913009E2DD8 /* Base */ = {isa = PBXFileReference; lastKnownFileType = file.storyboard; name = Base; path = Base.lproj/Main.storyboard; sourceTree = "<group>"; };
		1168470E24FA9915009E2DD8 /* Assets.xcassets */ = {isa = PBXFileReference; lastKnownFileType = folder.assetcatalog; path = Assets.xcassets; sourceTree = "<group>"; };
		1168471124FA9915009E2DD8 /* Base */ = {isa = PBXFileReference; lastKnownFileType = file.storyboard; name = Base; path = Base.lproj/LaunchScreen.storyboard; sourceTree = "<group>"; };
		1168471324FA9915009E2DD8 /* Info.plist */ = {isa = PBXFileReference; lastKnownFileType = text.plist.xml; path = Info.plist; sourceTree = "<group>"; };
		1171B86124FD54DF00650564 /* NewtorkManager.swift */ = {isa = PBXFileReference; lastKnownFileType = sourcecode.swift; path = NewtorkManager.swift; sourceTree = "<group>"; };
		1171B86324FD555000650564 /* PhotosCollectionViewController.swift */ = {isa = PBXFileReference; lastKnownFileType = sourcecode.swift; path = PhotosCollectionViewController.swift; sourceTree = "<group>"; };
		1171B86524FD555F00650564 /* PhotoCell.swift */ = {isa = PBXFileReference; lastKnownFileType = sourcecode.swift; path = PhotoCell.swift; sourceTree = "<group>"; };
		1171B86724FD557100650564 /* PhotoViewController.swift */ = {isa = PBXFileReference; lastKnownFileType = sourcecode.swift; path = PhotoViewController.swift; sourceTree = "<group>"; };
		1171B86924FD558100650564 /* Url.swift */ = {isa = PBXFileReference; lastKnownFileType = sourcecode.swift; path = Url.swift; sourceTree = "<group>"; };
		1171B86B24FD585400650564 /* ImageView.swift */ = {isa = PBXFileReference; lastKnownFileType = sourcecode.swift; path = ImageView.swift; sourceTree = "<group>"; };
		1171B86D24FD5AA200650564 /* ImageManager.swift */ = {isa = PBXFileReference; lastKnownFileType = sourcecode.swift; path = ImageManager.swift; sourceTree = "<group>"; };
		437848BEFA8EB6B9900979D1 /* Pods-PictureList.debug.xcconfig */ = {isa = PBXFileReference; includeInIndex = 1; lastKnownFileType = text.xcconfig; name = "Pods-PictureList.debug.xcconfig"; path = "Target Support Files/Pods-PictureList/Pods-PictureList.debug.xcconfig"; sourceTree = "<group>"; };
		49B0254E394FC5A8A8C87076 /* Pods_PictureList.framework */ = {isa = PBXFileReference; explicitFileType = wrapper.framework; includeInIndex = 0; path = Pods_PictureList.framework; sourceTree = BUILT_PRODUCTS_DIR; };
		880BB4740BAA09DACD7A0813 /* Pods-PictureList.release.xcconfig */ = {isa = PBXFileReference; includeInIndex = 1; lastKnownFileType = text.xcconfig; name = "Pods-PictureList.release.xcconfig"; path = "Target Support Files/Pods-PictureList/Pods-PictureList.release.xcconfig"; sourceTree = "<group>"; };
/* End PBXFileReference section */

/* Begin PBXFrameworksBuildPhase section */
		116846FF24FA9913009E2DD8 /* Frameworks */ = {
			isa = PBXFrameworksBuildPhase;
			buildActionMask = 2147483647;
			files = (
				F7CC28321F1AFFCF68C9B91E /* Pods_PictureList.framework in Frameworks */,
			);
			runOnlyForDeploymentPostprocessing = 0;
		};
/* End PBXFrameworksBuildPhase section */

/* Begin PBXGroup section */
		116846F924FA9913009E2DD8 = {
			isa = PBXGroup;
			children = (
				1168470424FA9913009E2DD8 /* PictureList */,
				1168470324FA9913009E2DD8 /* Products */,
				3E8B2B0DB09F8C15BF7E72C9 /* Pods */,
				E71ECBCD700A47C3585ED95D /* Frameworks */,
			);
			sourceTree = "<group>";
		};
		1168470324FA9913009E2DD8 /* Products */ = {
			isa = PBXGroup;
			children = (
				1168470224FA9913009E2DD8 /* PictureList.app */,
			);
			name = Products;
			sourceTree = "<group>";
		};
		1168470424FA9913009E2DD8 /* PictureList */ = {
			isa = PBXGroup;
			children = (
				1171B86F24FD5FDB00650564 /* SupportingFiles */,
				1171B87024FD5FF100650564 /* Managers */,
				1171B87124FD600300650564 /* Views */,
				1171B87224FD601B00650564 /* Models */,
				1171B87324FD602E00650564 /* Storyboards */,
				1171B87424FD603E00650564 /* Sourses */,
			);
			path = PictureList;
			sourceTree = "<group>";
		};
		1171B86F24FD5FDB00650564 /* SupportingFiles */ = {
			isa = PBXGroup;
			children = (
				1168470524FA9913009E2DD8 /* AppDelegate.swift */,
				1168470724FA9913009E2DD8 /* SceneDelegate.swift */,
				1168471324FA9915009E2DD8 /* Info.plist */,
			);
			path = SupportingFiles;
			sourceTree = "<group>";
		};
		1171B87024FD5FF100650564 /* Managers */ = {
			isa = PBXGroup;
			children = (
				1171B86124FD54DF00650564 /* NewtorkManager.swift */,
			);
			path = Managers;
			sourceTree = "<group>";
		};
		1171B87124FD600300650564 /* Views */ = {
			isa = PBXGroup;
			children = (
				1171B86324FD555000650564 /* PhotosCollectionViewController.swift */,
				1171B86524FD555F00650564 /* PhotoCell.swift */,
				1171B86724FD557100650564 /* PhotoViewController.swift */,
				1171B86B24FD585400650564 /* ImageView.swift */,
			);
			path = Views;
			sourceTree = "<group>";
		};
		1171B87224FD601B00650564 /* Models */ = {
			isa = PBXGroup;
			children = (
				1171B86D24FD5AA200650564 /* ImageManager.swift */,
				1171B86924FD558100650564 /* Url.swift */,
			);
			path = Models;
			sourceTree = "<group>";
		};
		1171B87324FD602E00650564 /* Storyboards */ = {
			isa = PBXGroup;
			children = (
				1168470B24FA9913009E2DD8 /* Main.storyboard */,
				1168471024FA9915009E2DD8 /* LaunchScreen.storyboard */,
			);
			path = Storyboards;
			sourceTree = "<group>";
		};
		1171B87424FD603E00650564 /* Sourses */ = {
			isa = PBXGroup;
			children = (
				1168470E24FA9915009E2DD8 /* Assets.xcassets */,
			);
			path = Sourses;
			sourceTree = "<group>";
		};
		3E8B2B0DB09F8C15BF7E72C9 /* Pods */ = {
			isa = PBXGroup;
			children = (
				437848BEFA8EB6B9900979D1 /* Pods-PictureList.debug.xcconfig */,
				880BB4740BAA09DACD7A0813 /* Pods-PictureList.release.xcconfig */,
			);
			path = Pods;
			sourceTree = "<group>";
		};
		E71ECBCD700A47C3585ED95D /* Frameworks */ = {
			isa = PBXGroup;
			children = (
				49B0254E394FC5A8A8C87076 /* Pods_PictureList.framework */,
			);
			name = Frameworks;
			sourceTree = "<group>";
		};
/* End PBXGroup section */

/* Begin PBXNativeTarget section */
		1168470124FA9913009E2DD8 /* PictureList */ = {
			isa = PBXNativeTarget;
			buildConfigurationList = 1168471624FA9915009E2DD8 /* Build configuration list for PBXNativeTarget "PictureList" */;
			buildPhases = (
				FD4D16ADB5BD2284D0504F5D /* [CP] Check Pods Manifest.lock */,
				116846FE24FA9913009E2DD8 /* Sources */,
				116846FF24FA9913009E2DD8 /* Frameworks */,
				1168470024FA9913009E2DD8 /* Resources */,
				F282647A5E3FAB00D5D6BD5A /* [CP] Embed Pods Frameworks */,
			);
			buildRules = (
			);
			dependencies = (
			);
			name = PictureList;
			productName = PictureList;
			productReference = 1168470224FA9913009E2DD8 /* PictureList.app */;
			productType = "com.apple.product-type.application";
		};
/* End PBXNativeTarget section */

/* Begin PBXProject section */
		116846FA24FA9913009E2DD8 /* Project object */ = {
			isa = PBXProject;
			attributes = {
				LastSwiftUpdateCheck = 1160;
				LastUpgradeCheck = 1160;
				ORGANIZATIONNAME = "Александр Бехтер";
				TargetAttributes = {
					1168470124FA9913009E2DD8 = {
						CreatedOnToolsVersion = 11.6;
					};
				};
			};
			buildConfigurationList = 116846FD24FA9913009E2DD8 /* Build configuration list for PBXProject "PictureList" */;
			compatibilityVersion = "Xcode 9.3";
			developmentRegion = en;
			hasScannedForEncodings = 0;
			knownRegions = (
				en,
				Base,
			);
			mainGroup = 116846F924FA9913009E2DD8;
			productRefGroup = 1168470324FA9913009E2DD8 /* Products */;
			projectDirPath = "";
			projectRoot = "";
			targets = (
				1168470124FA9913009E2DD8 /* PictureList */,
			);
		};
/* End PBXProject section */

/* Begin PBXResourcesBuildPhase section */
		1168470024FA9913009E2DD8 /* Resources */ = {
			isa = PBXResourcesBuildPhase;
			buildActionMask = 2147483647;
			files = (
				1168471224FA9915009E2DD8 /* LaunchScreen.storyboard in Resources */,
				1168470F24FA9915009E2DD8 /* Assets.xcassets in Resources */,
				1168470D24FA9913009E2DD8 /* Main.storyboard in Resources */,
			);
			runOnlyForDeploymentPostprocessing = 0;
		};
/* End PBXResourcesBuildPhase section */

/* Begin PBXShellScriptBuildPhase section */
		F282647A5E3FAB00D5D6BD5A /* [CP] Embed Pods Frameworks */ = {
			isa = PBXShellScriptBuildPhase;
			buildActionMask = 2147483647;
			files = (
			);
			inputFileListPaths = (
				"${PODS_ROOT}/Target Support Files/Pods-PictureList/Pods-PictureList-frameworks-${CONFIGURATION}-input-files.xcfilelist",
			);
			name = "[CP] Embed Pods Frameworks";
			outputFileListPaths = (
				"${PODS_ROOT}/Target Support Files/Pods-PictureList/Pods-PictureList-frameworks-${CONFIGURATION}-output-files.xcfilelist",
			);
			runOnlyForDeploymentPostprocessing = 0;
			shellPath = /bin/sh;
			shellScript = "\"${PODS_ROOT}/Target Support Files/Pods-PictureList/Pods-PictureList-frameworks.sh\"\n";
			showEnvVarsInLog = 0;
		};
		FD4D16ADB5BD2284D0504F5D /* [CP] Check Pods Manifest.lock */ = {
			isa = PBXShellScriptBuildPhase;
			buildActionMask = 2147483647;
			files = (
			);
			inputFileListPaths = (
			);
			inputPaths = (
				"${PODS_PODFILE_DIR_PATH}/Podfile.lock",
				"${PODS_ROOT}/Manifest.lock",
			);
			name = "[CP] Check Pods Manifest.lock";
			outputFileListPaths = (
			);
			outputPaths = (
				"$(DERIVED_FILE_DIR)/Pods-PictureList-checkManifestLockResult.txt",
			);
			runOnlyForDeploymentPostprocessing = 0;
			shellPath = /bin/sh;
			shellScript = "diff \"${PODS_PODFILE_DIR_PATH}/Podfile.lock\" \"${PODS_ROOT}/Manifest.lock\" > /dev/null\nif [ $? != 0 ] ; then\n    # print error to STDERR\n    echo \"error: The sandbox is not in sync with the Podfile.lock. Run 'pod install' or update your CocoaPods installation.\" >&2\n    exit 1\nfi\n# This output is used by Xcode 'outputs' to avoid re-running this script phase.\necho \"SUCCESS\" > \"${SCRIPT_OUTPUT_FILE_0}\"\n";
			showEnvVarsInLog = 0;
		};
/* End PBXShellScriptBuildPhase section */

/* Begin PBXSourcesBuildPhase section */
		116846FE24FA9913009E2DD8 /* Sources */ = {
			isa = PBXSourcesBuildPhase;
			buildActionMask = 2147483647;
			files = (
				1171B86C24FD585400650564 /* ImageView.swift in Sources */,
				1168470624FA9913009E2DD8 /* AppDelegate.swift in Sources */,
				1171B86624FD555F00650564 /* PhotoCell.swift in Sources */,
				1171B86E24FD5AA200650564 /* ImageManager.swift in Sources */,
				1171B86A24FD558100650564 /* Url.swift in Sources */,
				1171B86224FD54DF00650564 /* NewtorkManager.swift in Sources */,
				1168470824FA9913009E2DD8 /* SceneDelegate.swift in Sources */,
				1171B86424FD555000650564 /* PhotosCollectionViewController.swift in Sources */,
				1171B86824FD557100650564 /* PhotoViewController.swift in Sources */,
			);
			runOnlyForDeploymentPostprocessing = 0;
		};
/* End PBXSourcesBuildPhase section */

/* Begin PBXVariantGroup section */
		1168470B24FA9913009E2DD8 /* Main.storyboard */ = {
			isa = PBXVariantGroup;
			children = (
				1168470C24FA9913009E2DD8 /* Base */,
			);
			name = Main.storyboard;
			sourceTree = "<group>";
		};
		1168471024FA9915009E2DD8 /* LaunchScreen.storyboard */ = {
			isa = PBXVariantGroup;
			children = (
				1168471124FA9915009E2DD8 /* Base */,
			);
			name = LaunchScreen.storyboard;
			sourceTree = "<group>";
		};
/* End PBXVariantGroup section */

/* Begin XCBuildConfiguration section */
		1168471424FA9915009E2DD8 /* Debug */ = {
			isa = XCBuildConfiguration;
			buildSettings = {
				ALWAYS_SEARCH_USER_PATHS = NO;
				CLANG_ANALYZER_NONNULL = YES;
				CLANG_ANALYZER_NUMBER_OBJECT_CONVERSION = YES_AGGRESSIVE;
				CLANG_CXX_LANGUAGE_STANDARD = "gnu++14";
				CLANG_CXX_LIBRARY = "libc++";
				CLANG_ENABLE_MODULES = YES;
				CLANG_ENABLE_OBJC_ARC = YES;
				CLANG_ENABLE_OBJC_WEAK = YES;
				CLANG_WARN_BLOCK_CAPTURE_AUTORELEASING = YES;
				CLANG_WARN_BOOL_CONVERSION = YES;
				CLANG_WARN_COMMA = YES;
				CLANG_WARN_CONSTANT_CONVERSION = YES;
				CLANG_WARN_DEPRECATED_OBJC_IMPLEMENTATIONS = YES;
				CLANG_WARN_DIRECT_OBJC_ISA_USAGE = YES_ERROR;
				CLANG_WARN_DOCUMENTATION_COMMENTS = YES;
				CLANG_WARN_EMPTY_BODY = YES;
				CLANG_WARN_ENUM_CONVERSION = YES;
				CLANG_WARN_INFINITE_RECURSION = YES;
				CLANG_WARN_INT_CONVERSION = YES;
				CLANG_WARN_NON_LITERAL_NULL_CONVERSION = YES;
				CLANG_WARN_OBJC_IMPLICIT_RETAIN_SELF = YES;
				CLANG_WARN_OBJC_LITERAL_CONVERSION = YES;
				CLANG_WARN_OBJC_ROOT_CLASS = YES_ERROR;
				CLANG_WARN_RANGE_LOOP_ANALYSIS = YES;
				CLANG_WARN_STRICT_PROTOTYPES = YES;
				CLANG_WARN_SUSPICIOUS_MOVE = YES;
				CLANG_WARN_UNGUARDED_AVAILABILITY = YES_AGGRESSIVE;
				CLANG_WARN_UNREACHABLE_CODE = YES;
				CLANG_WARN__DUPLICATE_METHOD_MATCH = YES;
				COPY_PHASE_STRIP = NO;
				DEBUG_INFORMATION_FORMAT = dwarf;
				ENABLE_STRICT_OBJC_MSGSEND = YES;
				ENABLE_TESTABILITY = YES;
				GCC_C_LANGUAGE_STANDARD = gnu11;
				GCC_DYNAMIC_NO_PIC = NO;
				GCC_NO_COMMON_BLOCKS = YES;
				GCC_OPTIMIZATION_LEVEL = 0;
				GCC_PREPROCESSOR_DEFINITIONS = (
					"DEBUG=1",
					"$(inherited)",
				);
				GCC_WARN_64_TO_32_BIT_CONVERSION = YES;
				GCC_WARN_ABOUT_RETURN_TYPE = YES_ERROR;
				GCC_WARN_UNDECLARED_SELECTOR = YES;
				GCC_WARN_UNINITIALIZED_AUTOS = YES_AGGRESSIVE;
				GCC_WARN_UNUSED_FUNCTION = YES;
				GCC_WARN_UNUSED_VARIABLE = YES;
				IPHONEOS_DEPLOYMENT_TARGET = 13.6;
				MTL_ENABLE_DEBUG_INFO = INCLUDE_SOURCE;
				MTL_FAST_MATH = YES;
				ONLY_ACTIVE_ARCH = YES;
				SDKROOT = iphoneos;
				SWIFT_ACTIVE_COMPILATION_CONDITIONS = DEBUG;
				SWIFT_OPTIMIZATION_LEVEL = "-Onone";
			};
			name = Debug;
		};
		1168471524FA9915009E2DD8 /* Release */ = {
			isa = XCBuildConfiguration;
			buildSettings = {
				ALWAYS_SEARCH_USER_PATHS = NO;
				CLANG_ANALYZER_NONNULL = YES;
				CLANG_ANALYZER_NUMBER_OBJECT_CONVERSION = YES_AGGRESSIVE;
				CLANG_CXX_LANGUAGE_STANDARD = "gnu++14";
				CLANG_CXX_LIBRARY = "libc++";
				CLANG_ENABLE_MODULES = YES;
				CLANG_ENABLE_OBJC_ARC = YES;
				CLANG_ENABLE_OBJC_WEAK = YES;
				CLANG_WARN_BLOCK_CAPTURE_AUTORELEASING = YES;
				CLANG_WARN_BOOL_CONVERSION = YES;
				CLANG_WARN_COMMA = YES;
				CLANG_WARN_CONSTANT_CONVERSION = YES;
				CLANG_WARN_DEPRECATED_OBJC_IMPLEMENTATIONS = YES;
				CLANG_WARN_DIRECT_OBJC_ISA_USAGE = YES_ERROR;
				CLANG_WARN_DOCUMENTATION_COMMENTS = YES;
				CLANG_WARN_EMPTY_BODY = YES;
				CLANG_WARN_ENUM_CONVERSION = YES;
				CLANG_WARN_INFINITE_RECURSION = YES;
				CLANG_WARN_INT_CONVERSION = YES;
				CLANG_WARN_NON_LITERAL_NULL_CONVERSION = YES;
				CLANG_WARN_OBJC_IMPLICIT_RETAIN_SELF = YES;
				CLANG_WARN_OBJC_LITERAL_CONVERSION = YES;
				CLANG_WARN_OBJC_ROOT_CLASS = YES_ERROR;
				CLANG_WARN_RANGE_LOOP_ANALYSIS = YES;
				CLANG_WARN_STRICT_PROTOTYPES = YES;
				CLANG_WARN_SUSPICIOUS_MOVE = YES;
				CLANG_WARN_UNGUARDED_AVAILABILITY = YES_AGGRESSIVE;
				CLANG_WARN_UNREACHABLE_CODE = YES;
				CLANG_WARN__DUPLICATE_METHOD_MATCH = YES;
				COPY_PHASE_STRIP = NO;
				DEBUG_INFORMATION_FORMAT = "dwarf-with-dsym";
				ENABLE_NS_ASSERTIONS = NO;
				ENABLE_STRICT_OBJC_MSGSEND = YES;
				GCC_C_LANGUAGE_STANDARD = gnu11;
				GCC_NO_COMMON_BLOCKS = YES;
				GCC_WARN_64_TO_32_BIT_CONVERSION = YES;
				GCC_WARN_ABOUT_RETURN_TYPE = YES_ERROR;
				GCC_WARN_UNDECLARED_SELECTOR = YES;
				GCC_WARN_UNINITIALIZED_AUTOS = YES_AGGRESSIVE;
				GCC_WARN_UNUSED_FUNCTION = YES;
				GCC_WARN_UNUSED_VARIABLE = YES;
				IPHONEOS_DEPLOYMENT_TARGET = 13.6;
				MTL_ENABLE_DEBUG_INFO = NO;
				MTL_FAST_MATH = YES;
				SDKROOT = iphoneos;
				SWIFT_COMPILATION_MODE = wholemodule;
				SWIFT_OPTIMIZATION_LEVEL = "-O";
				VALIDATE_PRODUCT = YES;
			};
			name = Release;
		};
		1168471724FA9915009E2DD8 /* Debug */ = {
			isa = XCBuildConfiguration;
			baseConfigurationReference = 437848BEFA8EB6B9900979D1 /* Pods-PictureList.debug.xcconfig */;
			buildSettings = {
				ASSETCATALOG_COMPILER_APPICON_NAME = AppIcon;
				CODE_SIGN_STYLE = Automatic;
				DEVELOPMENT_TEAM = 4E77TZ5DGN;
				INFOPLIST_FILE = PictureList/SupportingFiles/Info.plist;
				LD_RUNPATH_SEARCH_PATHS = (
					"$(inherited)",
					"@executable_path/Frameworks",
				);
				PRODUCT_BUNDLE_IDENTIFIER = photoList.PictureList;
				PRODUCT_NAME = "$(TARGET_NAME)";
				SWIFT_VERSION = 5.0;
				TARGETED_DEVICE_FAMILY = "1,2";
			};
			name = Debug;
		};
		1168471824FA9915009E2DD8 /* Release */ = {
			isa = XCBuildConfiguration;
			baseConfigurationReference = 880BB4740BAA09DACD7A0813 /* Pods-PictureList.release.xcconfig */;
			buildSettings = {
				ASSETCATALOG_COMPILER_APPICON_NAME = AppIcon;
				CODE_SIGN_STYLE = Automatic;
				DEVELOPMENT_TEAM = 4E77TZ5DGN;
				INFOPLIST_FILE = PictureList/SupportingFiles/Info.plist;
				LD_RUNPATH_SEARCH_PATHS = (
					"$(inherited)",
					"@executable_path/Frameworks",
				);
				PRODUCT_BUNDLE_IDENTIFIER = photoList.PictureList;
				PRODUCT_NAME = "$(TARGET_NAME)";
				SWIFT_VERSION = 5.0;
				TARGETED_DEVICE_FAMILY = "1,2";
			};
			name = Release;
		};
/* End XCBuildConfiguration section */

/* Begin XCConfigurationList section */
		116846FD24FA9913009E2DD8 /* Build configuration list for PBXProject "PictureList" */ = {
			isa = XCConfigurationList;
			buildConfigurations = (
				1168471424FA9915009E2DD8 /* Debug */,
				1168471524FA9915009E2DD8 /* Release */,
			);
			defaultConfigurationIsVisible = 0;
			defaultConfigurationName = Release;
		};
		1168471624FA9915009E2DD8 /* Build configuration list for PBXNativeTarget "PictureList" */ = {
			isa = XCConfigurationList;
			buildConfigurations = (
				1168471724FA9915009E2DD8 /* Debug */,
				1168471824FA9915009E2DD8 /* Release */,
			);
			defaultConfigurationIsVisible = 0;
			defaultConfigurationName = Release;
		};
/* End XCConfigurationList section */
	};
	rootObject = 116846FA24FA9913009E2DD8 /* Project object */;
}
